
Microsoft Visual Studio Solution File, Format Version 12.00
# Visual Studio Version 16
VisualStudioVersion = 16.0.28729.10
MinimumVisualStudioVersion = 10.0.40219.1
Project("{FAE04EC0-301F-11D3-BF4B-00C04F79EFBC}") = "mpDrawOrderByLayer_2013", "mpDrawOrderByLayer_2013\mpDrawOrderByLayer_2013.csproj", "{13698D18-E050-4BB4-B775-BCD017397699}"
EndProject
Project("{FAE04EC0-301F-11D3-BF4B-00C04F79EFBC}") = "mpDrawOrderByLayer_2014", "mpDrawOrderByLayer_2014\mpDrawOrderByLayer_2014.csproj", "{57C30881-0F44-4341-BA13-D1B1A47E6E26}"
EndProject
Project("{FAE04EC0-301F-11D3-BF4B-00C04F79EFBC}") = "mpDrawOrderByLayer_2015", "mpDrawOrderByLayer_2015\mpDrawOrderByLayer_2015.csproj", "{BDC785C8-31F2-4B2E-9CF9-2C46FCFC31C6}"
EndProject
Project("{FAE04EC0-301F-11D3-BF4B-00C04F79EFBC}") = "mpDrawOrderByLayer_2016", "mpDrawOrderByLayer_2016\mpDrawOrderByLayer_2016.csproj", "{AC6DAC1C-AA18-4382-9FB3-B88D2C30E8B3}"
EndProject
Project("{FAE04EC0-301F-11D3-BF4B-00C04F79EFBC}") = "mpDrawOrderByLayer_2017", "mpDrawOrderByLayer_2017\mpDrawOrderByLayer_2017.csproj", "{32B09317-F3CF-4694-AD38-472F528053B8}"
EndProject
Project("{FAE04EC0-301F-11D3-BF4B-00C04F79EFBC}") = "mpDrawOrderByLayer_2018", "mpDrawOrderByLayer_2018\mpDrawOrderByLayer_2018.csproj", "{88467342-5BC9-4007-B861-ECABEF129645}"
EndProject
Project("{FAE04EC0-301F-11D3-BF4B-00C04F79EFBC}") = "mpDrawOrderByLayer_2019", "mpDrawOrderByLayer_2019\mpDrawOrderByLayer_2019.csproj", "{BAA0C0D2-C3AC-4A5C-9949-CA18D48A502B}"
EndProject
Project("{FAE04EC0-301F-11D3-BF4B-00C04F79EFBC}") = "mpDrawOrderByLayer_2020", "mpDrawOrderByLayer_2020\mpDrawOrderByLayer_2020.csproj", "{9F481558-2D30-4867-83FF-309419AF81F8}"
EndProject
Global
	GlobalSection(SolutionConfigurationPlatforms) = preSolution
		Debug|Any CPU = Debug|Any CPU
		Release|Any CPU = Release|Any CPU
	EndGlobalSection
	GlobalSection(ProjectConfigurationPlatforms) = postSolution
		{13698D18-E050-4BB4-B775-BCD017397699}.Debug|Any CPU.ActiveCfg = Debug|Any CPU
		{13698D18-E050-4BB4-B775-BCD017397699}.Debug|Any CPU.Build.0 = Debug|Any CPU
		{13698D18-E050-4BB4-B775-BCD017397699}.Release|Any CPU.ActiveCfg = Release|Any CPU
		{13698D18-E050-4BB4-B775-BCD017397699}.Release|Any CPU.Build.0 = Release|Any CPU
		{57C30881-0F44-4341-BA13-D1B1A47E6E26}.Debug|Any CPU.ActiveCfg = Debug|Any CPU
		{57C30881-0F44-4341-BA13-D1B1A47E6E26}.Debug|Any CPU.Build.0 = Debug|Any CPU
		{57C30881-0F44-4341-BA13-D1B1A47E6E26}.Release|Any CPU.ActiveCfg = Release|Any CPU
		{57C30881-0F44-4341-BA13-D1B1A47E6E26}.Release|Any CPU.Build.0 = Release|Any CPU
		{BDC785C8-31F2-4B2E-9CF9-2C46FCFC31C6}.Debug|Any CPU.ActiveCfg = Debug|Any CPU
		{BDC785C8-31F2-4B2E-9CF9-2C46FCFC31C6}.Debug|Any CPU.Build.0 = Debug|Any CPU
		{BDC785C8-31F2-4B2E-9CF9-2C46FCFC31C6}.Release|Any CPU.ActiveCfg = Release|Any CPU
		{BDC785C8-31F2-4B2E-9CF9-2C46FCFC31C6}.Release|Any CPU.Build.0 = Release|Any CPU
		{AC6DAC1C-AA18-4382-9FB3-B88D2C30E8B3}.Debug|Any CPU.ActiveCfg = Debug|Any CPU
		{AC6DAC1C-AA18-4382-9FB3-B88D2C30E8B3}.Debug|Any CPU.Build.0 = Debug|Any CPU
		{AC6DAC1C-AA18-4382-9FB3-B88D2C30E8B3}.Release|Any CPU.ActiveCfg = Release|Any CPU
		{AC6DAC1C-AA18-4382-9FB3-B88D2C30E8B3}.Release|Any CPU.Build.0 = Release|Any CPU
		{32B09317-F3CF-4694-AD38-472F528053B8}.Debug|Any CPU.ActiveCfg = Debug|Any CPU
		{32B09317-F3CF-4694-AD38-472F528053B8}.Debug|Any CPU.Build.0 = Debug|Any CPU
		{32B09317-F3CF-4694-AD38-472F528053B8}.Release|Any CPU.ActiveCfg = Release|Any CPU
		{32B09317-F3CF-4694-AD38-472F528053B8}.Release|Any CPU.Build.0 = Release|Any CPU
		{88467342-5BC9-4007-B861-ECABEF129645}.Debug|Any CPU.ActiveCfg = Debug|Any CPU
		{88467342-5BC9-4007-B861-ECABEF129645}.Debug|Any CPU.Build.0 = Debug|Any CPU
		{88467342-5BC9-4007-B861-ECABEF129645}.Release|Any CPU.ActiveCfg = Release|Any CPU
		{88467342-5BC9-4007-B861-ECABEF129645}.Release|Any CPU.Build.0 = Release|Any CPU
		{BAA0C0D2-C3AC-4A5C-9949-CA18D48A502B}.Debug|Any CPU.ActiveCfg = Debug|Any CPU
		{BAA0C0D2-C3AC-4A5C-9949-CA18D48A502B}.Debug|Any CPU.Build.0 = Debug|Any CPU
		{BAA0C0D2-C3AC-4A5C-9949-CA18D48A502B}.Release|Any CPU.ActiveCfg = Release|Any CPU
		{BAA0C0D2-C3AC-4A5C-9949-CA18D48A502B}.Release|Any CPU.Build.0 = Release|Any CPU
		{9F481558-2D30-4867-83FF-309419AF81F8}.Debug|Any CPU.ActiveCfg = Debug|Any CPU
		{9F481558-2D30-4867-83FF-309419AF81F8}.Debug|Any CPU.Build.0 = Debug|Any CPU
		{9F481558-2D30-4867-83FF-309419AF81F8}.Release|Any CPU.ActiveCfg = Release|Any CPU
		{9F481558-2D30-4867-83FF-309419AF81F8}.Release|Any CPU.Build.0 = Release|Any CPU
	EndGlobalSection
	GlobalSection(SolutionProperties) = preSolution
		HideSolutionNode = FALSE
	EndGlobalSection
	GlobalSection(ExtensibilityGlobals) = postSolution
		SolutionGuid = {0D686F1A-C4A5-4985-99FC-006C9BF3F9B8}
	EndGlobalSection
EndGlobal
